
Microsoft Visual Studio Solution File, Format Version 12.00
# Visual Studio 15
VisualStudioVersion = 15.0.28307.106
MinimumVisualStudioVersion = 10.0.40219.1
Project("{9A19103F-16F7-4668-BE54-9A1E7A4F7556}") = "apigw-base", "apigw-base.csproj", "{AE884347-5A83-4F06-88A0-CC5047E9F65B}"
EndProject
Global
	GlobalSection(SolutionConfigurationPlatforms) = preSolution
		Debug|Any CPU = Debug|Any CPU
		Release|Any CPU = Release|Any CPU
	EndGlobalSection
	GlobalSection(ProjectConfigurationPlatforms) = postSolution
		{AE884347-5A83-4F06-88A0-CC5047E9F65B}.Debug|Any CPU.ActiveCfg = Debug|Any CPU
		{AE884347-5A83-4F06-88A0-CC5047E9F65B}.Debug|Any CPU.Build.0 = Debug|Any CPU
		{AE884347-5A83-4F06-88A0-CC5047E9F65B}.Release|Any CPU.ActiveCfg = Release|Any CPU
		{AE884347-5A83-4F06-88A0-CC5047E9F65B}.Release|Any CPU.Build.0 = Release|Any CPU
	EndGlobalSection
	GlobalSection(SolutionProperties) = preSolution
		HideSolutionNode = FALSE
	EndGlobalSection
	GlobalSection(ExtensibilityGlobals) = postSolution
		SolutionGuid = {E75638DE-5EB2-40BB-A427-B2982FA2C22F}
	EndGlobalSection
EndGlobal
